
Microsoft Visual Studio Solution File, Format Version 12.00
# Visual Studio Version 17
VisualStudioVersion = 17.0.31903.59
MinimumVisualStudioVersion = 10.0.40219.1
Project("{2150E333-8FDC-42A3-9474-1A3956D46DE8}") = "src", "src", "{09DDB74C-8508-4CA1-9F3B-BB1281A38678}"
EndProject
Project("{FAE04EC0-301F-11D3-BF4B-00C04F79EFBC}") = "Moza.ScLink.App", "src\Moza.ScLink.App\Moza.ScLink.App.csproj", "{5B6158B2-A1B7-421F-B232-075D10CC18ED}"
EndProject
Project("{FAE04EC0-301F-11D3-BF4B-00C04F79EFBC}") = "Moza.ScLink.Audio", "src\Moza.ScLink.Audio\Moza.ScLink.Audio.csproj", "{58919A2B-74ED-4539-8A1B-3F94F81B38A5}"
EndProject
Project("{FAE04EC0-301F-11D3-BF4B-00C04F79EFBC}") = "Moza.ScLink.Core", "src\Moza.ScLink.Core\Moza.ScLink.Core.csproj", "{05774AF3-E2FB-4310-BAA1-4ABC58F1DF03}"
EndProject
Project("{FAE04EC0-301F-11D3-BF4B-00C04F79EFBC}") = "Moza.ScLink.Diagnostics", "src\Moza.ScLink.Diagnostics\Moza.ScLink.Diagnostics.csproj", "{15C8BACD-48ED-41E2-BB32-078F95448139}"
EndProject
Project("{FAE04EC0-301F-11D3-BF4B-00C04F79EFBC}") = "Moza.ScLink.DirectInput", "src\Moza.ScLink.DirectInput\Moza.ScLink.DirectInput.csproj", "{B1CA234E-3FFD-4E6A-8688-DC0BE34597EF}"
EndProject
Project("{FAE04EC0-301F-11D3-BF4B-00C04F79EFBC}") = "Moza.ScLink.Effects", "src\Moza.ScLink.Effects\Moza.ScLink.Effects.csproj", "{9E2D033F-9536-4EDB-8736-A9824522568E}"
EndProject
Project("{FAE04EC0-301F-11D3-BF4B-00C04F79EFBC}") = "Moza.ScLink.Fusion", "src\Moza.ScLink.Fusion\Moza.ScLink.Fusion.csproj", "{819811D7-0D24-41AC-A305-A19CF110E000}"
EndProject
Project("{FAE04EC0-301F-11D3-BF4B-00C04F79EFBC}") = "Moza.ScLink.Input", "src\Moza.ScLink.Input\Moza.ScLink.Input.csproj", "{ADE77B9A-4B2C-4D1F-B648-D5A4F61D4626}"
EndProject
Project("{FAE04EC0-301F-11D3-BF4B-00C04F79EFBC}") = "Moza.ScLink.Logs", "src\Moza.ScLink.Logs\Moza.ScLink.Logs.csproj", "{C8B7AD16-3072-4E00-B9A7-73E91EDE566E}"
EndProject
Project("{FAE04EC0-301F-11D3-BF4B-00C04F79EFBC}") = "Moza.ScLink.Profiles", "src\Moza.ScLink.Profiles\Moza.ScLink.Profiles.csproj", "{C9B1A2BE-150C-4D0C-97B5-6ACDFF9AB12C}"
EndProject
Project("{FAE04EC0-301F-11D3-BF4B-00C04F79EFBC}") = "Moza.ScLink.Screen", "src\Moza.ScLink.Screen\Moza.ScLink.Screen.csproj", "{32895429-3793-4819-B130-04C51F97E51F}"
EndProject
Project("{FAE04EC0-301F-11D3-BF4B-00C04F79EFBC}") = "Moza.ScLink.Updater", "src\Moza.ScLink.Updater\Moza.ScLink.Updater.csproj", "{365AC5BB-FA66-4180-AFAF-CC7913B3B8AF}"
EndProject
Project("{2150E333-8FDC-42A3-9474-1A3956D46DE8}") = "tests", "tests", "{454022E6-1614-4D64-89B9-4665455F782A}"
EndProject
Project("{FAE04EC0-301F-11D3-BF4B-00C04F79EFBC}") = "Moza.ScLink.Audio.Tests", "tests\Moza.ScLink.Audio.Tests\Moza.ScLink.Audio.Tests.csproj", "{B634603F-60FD-4477-B025-F0E17E4BC3F7}"
EndProject
Project("{FAE04EC0-301F-11D3-BF4B-00C04F79EFBC}") = "Moza.ScLink.Core.Tests", "tests\Moza.ScLink.Core.Tests\Moza.ScLink.Core.Tests.csproj", "{808DCE3B-554A-46DE-B20A-DFD09D3E70D1}"
EndProject
Project("{FAE04EC0-301F-11D3-BF4B-00C04F79EFBC}") = "Moza.ScLink.Diagnostics.Tests", "tests\Moza.ScLink.Diagnostics.Tests\Moza.ScLink.Diagnostics.Tests.csproj", "{E6314F7B-4C71-4D3C-B644-424D05F5A0EE}"
EndProject
Project("{FAE04EC0-301F-11D3-BF4B-00C04F79EFBC}") = "Moza.ScLink.DirectInput.Tests", "tests\Moza.ScLink.DirectInput.Tests\Moza.ScLink.DirectInput.Tests.csproj", "{05363C6D-5A9F-418B-927C-120D2FF4255E}"
EndProject
Project("{FAE04EC0-301F-11D3-BF4B-00C04F79EFBC}") = "Moza.ScLink.Effects.Tests", "tests\Moza.ScLink.Effects.Tests\Moza.ScLink.Effects.Tests.csproj", "{5DC63F65-96F8-4B22-8E78-ACFACA38AB7F}"
EndProject
Project("{FAE04EC0-301F-11D3-BF4B-00C04F79EFBC}") = "Moza.ScLink.Fusion.Tests", "tests\Moza.ScLink.Fusion.Tests\Moza.ScLink.Fusion.Tests.csproj", "{F9045B91-A3BE-4D8F-A0AE-A60A5E7198E7}"
EndProject
Project("{FAE04EC0-301F-11D3-BF4B-00C04F79EFBC}") = "Moza.ScLink.Logs.Tests", "tests\Moza.ScLink.Logs.Tests\Moza.ScLink.Logs.Tests.csproj", "{F72C15F5-1F03-4553-911C-277A648CEA82}"
EndProject
Project("{FAE04EC0-301F-11D3-BF4B-00C04F79EFBC}") = "Moza.ScLink.Profiles.Tests", "tests\Moza.ScLink.Profiles.Tests\Moza.ScLink.Profiles.Tests.csproj", "{FF1709A2-433F-4CAE-B5A1-33A4367A49CB}"
EndProject
Project("{FAE04EC0-301F-11D3-BF4B-00C04F79EFBC}") = "Moza.ScLink.Screen.Tests", "tests\Moza.ScLink.Screen.Tests\Moza.ScLink.Screen.Tests.csproj", "{4DAFB6A4-9902-4F8B-90B3-23E2973964B9}"
EndProject
Project("{FAE04EC0-301F-11D3-BF4B-00C04F79EFBC}") = "Moza.ScLink.App.Tests", "tests\Moza.ScLink.App.Tests\Moza.ScLink.App.Tests.csproj", "{5FF06528-9C8A-4EB6-A1F7-7F16AC8E60CC}"
EndProject
Global
	GlobalSection(SolutionConfigurationPlatforms) = preSolution
		Debug|Any CPU = Debug|Any CPU
		Release|Any CPU = Release|Any CPU
	EndGlobalSection
	GlobalSection(SolutionProperties) = preSolution
		HideSolutionNode = FALSE
	EndGlobalSection
	GlobalSection(ProjectConfigurationPlatforms) = postSolution
		{5B6158B2-A1B7-421F-B232-075D10CC18ED}.Debug|Any CPU.ActiveCfg = Debug|Any CPU
		{5B6158B2-A1B7-421F-B232-075D10CC18ED}.Debug|Any CPU.Build.0 = Debug|Any CPU
		{5B6158B2-A1B7-421F-B232-075D10CC18ED}.Release|Any CPU.ActiveCfg = Release|Any CPU
		{5B6158B2-A1B7-421F-B232-075D10CC18ED}.Release|Any CPU.Build.0 = Release|Any CPU
		{58919A2B-74ED-4539-8A1B-3F94F81B38A5}.Debug|Any CPU.ActiveCfg = Debug|Any CPU
		{58919A2B-74ED-4539-8A1B-3F94F81B38A5}.Debug|Any CPU.Build.0 = Debug|Any CPU
		{58919A2B-74ED-4539-8A1B-3F94F81B38A5}.Release|Any CPU.ActiveCfg = Release|Any CPU
		{58919A2B-74ED-4539-8A1B-3F94F81B38A5}.Release|Any CPU.Build.0 = Release|Any CPU
		{05774AF3-E2FB-4310-BAA1-4ABC58F1DF03}.Debug|Any CPU.ActiveCfg = Debug|Any CPU
		{05774AF3-E2FB-4310-BAA1-4ABC58F1DF03}.Debug|Any CPU.Build.0 = Debug|Any CPU
		{05774AF3-E2FB-4310-BAA1-4ABC58F1DF03}.Release|Any CPU.ActiveCfg = Release|Any CPU
		{05774AF3-E2FB-4310-BAA1-4ABC58F1DF03}.Release|Any CPU.Build.0 = Release|Any CPU
		{15C8BACD-48ED-41E2-BB32-078F95448139}.Debug|Any CPU.ActiveCfg = Debug|Any CPU
		{15C8BACD-48ED-41E2-BB32-078F95448139}.Debug|Any CPU.Build.0 = Debug|Any CPU
		{15C8BACD-48ED-41E2-BB32-078F95448139}.Release|Any CPU.ActiveCfg = Release|Any CPU
		{15C8BACD-48ED-41E2-BB32-078F95448139}.Release|Any CPU.Build.0 = Release|Any CPU
		{B1CA234E-3FFD-4E6A-8688-DC0BE34597EF}.Debug|Any CPU.ActiveCfg = Debug|Any CPU
		{B1CA234E-3FFD-4E6A-8688-DC0BE34597EF}.Debug|Any CPU.Build.0 = Debug|Any CPU
		{B1CA234E-3FFD-4E6A-8688-DC0BE34597EF}.Release|Any CPU.ActiveCfg = Release|Any CPU
		{B1CA234E-3FFD-4E6A-8688-DC0BE34597EF}.Release|Any CPU.Build.0 = Release|Any CPU
		{9E2D033F-9536-4EDB-8736-A9824522568E}.Debug|Any CPU.ActiveCfg = Debug|Any CPU
		{9E2D033F-9536-4EDB-8736-A9824522568E}.Debug|Any CPU.Build.0 = Debug|Any CPU
		{9E2D033F-9536-4EDB-8736-A9824522568E}.Release|Any CPU.ActiveCfg = Release|Any CPU
		{9E2D033F-9536-4EDB-8736-A9824522568E}.Release|Any CPU.Build.0 = Release|Any CPU
		{819811D7-0D24-41AC-A305-A19CF110E000}.Debug|Any CPU.ActiveCfg = Debug|Any CPU
		{819811D7-0D24-41AC-A305-A19CF110E000}.Debug|Any CPU.Build.0 = Debug|Any CPU
		{819811D7-0D24-41AC-A305-A19CF110E000}.Release|Any CPU.ActiveCfg = Release|Any CPU
		{819811D7-0D24-41AC-A305-A19CF110E000}.Release|Any CPU.Build.0 = Release|Any CPU
		{ADE77B9A-4B2C-4D1F-B648-D5A4F61D4626}.Debug|Any CPU.ActiveCfg = Debug|Any CPU
		{ADE77B9A-4B2C-4D1F-B648-D5A4F61D4626}.Debug|Any CPU.Build.0 = Debug|Any CPU
		{ADE77B9A-4B2C-4D1F-B648-D5A4F61D4626}.Release|Any CPU.ActiveCfg = Release|Any CPU
		{ADE77B9A-4B2C-4D1F-B648-D5A4F61D4626}.Release|Any CPU.Build.0 = Release|Any CPU
		{C8B7AD16-3072-4E00-B9A7-73E91EDE566E}.Debug|Any CPU.ActiveCfg = Debug|Any CPU
		{C8B7AD16-3072-4E00-B9A7-73E91EDE566E}.Debug|Any CPU.Build.0 = Debug|Any CPU
		{C8B7AD16-3072-4E00-B9A7-73E91EDE566E}.Release|Any CPU.ActiveCfg = Release|Any CPU
		{C8B7AD16-3072-4E00-B9A7-73E91EDE566E}.Release|Any CPU.Build.0 = Release|Any CPU
		{C9B1A2BE-150C-4D0C-97B5-6ACDFF9AB12C}.Debug|Any CPU.ActiveCfg = Debug|Any CPU
		{C9B1A2BE-150C-4D0C-97B5-6ACDFF9AB12C}.Debug|Any CPU.Build.0 = Debug|Any CPU
		{C9B1A2BE-150C-4D0C-97B5-6ACDFF9AB12C}.Release|Any CPU.ActiveCfg = Release|Any CPU
		{C9B1A2BE-150C-4D0C-97B5-6ACDFF9AB12C}.Release|Any CPU.Build.0 = Release|Any CPU
		{32895429-3793-4819-B130-04C51F97E51F}.Debug|Any CPU.ActiveCfg = Debug|Any CPU
		{32895429-3793-4819-B130-04C51F97E51F}.Debug|Any CPU.Build.0 = Debug|Any CPU
		{32895429-3793-4819-B130-04C51F97E51F}.Release|Any CPU.ActiveCfg = Release|Any CPU
		{32895429-3793-4819-B130-04C51F97E51F}.Release|Any CPU.Build.0 = Release|Any CPU
		{365AC5BB-FA66-4180-AFAF-CC7913B3B8AF}.Debug|Any CPU.ActiveCfg = Debug|Any CPU
		{365AC5BB-FA66-4180-AFAF-CC7913B3B8AF}.Debug|Any CPU.Build.0 = Debug|Any CPU
		{365AC5BB-FA66-4180-AFAF-CC7913B3B8AF}.Release|Any CPU.ActiveCfg = Release|Any CPU
		{365AC5BB-FA66-4180-AFAF-CC7913B3B8AF}.Release|Any CPU.Build.0 = Release|Any CPU
		{B634603F-60FD-4477-B025-F0E17E4BC3F7}.Debug|Any CPU.ActiveCfg = Debug|Any CPU
		{B634603F-60FD-4477-B025-F0E17E4BC3F7}.Debug|Any CPU.Build.0 = Debug|Any CPU
		{B634603F-60FD-4477-B025-F0E17E4BC3F7}.Release|Any CPU.ActiveCfg = Release|Any CPU
		{B634603F-60FD-4477-B025-F0E17E4BC3F7}.Release|Any CPU.Build.0 = Release|Any CPU
		{808DCE3B-554A-46DE-B20A-DFD09D3E70D1}.Debug|Any CPU.ActiveCfg = Debug|Any CPU
		{808DCE3B-554A-46DE-B20A-DFD09D3E70D1}.Debug|Any CPU.Build.0 = Debug|Any CPU
		{808DCE3B-554A-46DE-B20A-DFD09D3E70D1}.Release|Any CPU.ActiveCfg = Release|Any CPU
		{808DCE3B-554A-46DE-B20A-DFD09D3E70D1}.Release|Any CPU.Build.0 = Release|Any CPU
		{E6314F7B-4C71-4D3C-B644-424D05F5A0EE}.Debug|Any CPU.ActiveCfg = Debug|Any CPU
		{E6314F7B-4C71-4D3C-B644-424D05F5A0EE}.Debug|Any CPU.Build.0 = Debug|Any CPU
		{E6314F7B-4C71-4D3C-B644-424D05F5A0EE}.Release|Any CPU.ActiveCfg = Release|Any CPU
		{E6314F7B-4C71-4D3C-B644-424D05F5A0EE}.Release|Any CPU.Build.0 = Release|Any CPU
		{05363C6D-5A9F-418B-927C-120D2FF4255E}.Debug|Any CPU.ActiveCfg = Debug|Any CPU
		{05363C6D-5A9F-418B-927C-120D2FF4255E}.Debug|Any CPU.Build.0 = Debug|Any CPU
		{05363C6D-5A9F-418B-927C-120D2FF4255E}.Release|Any CPU.ActiveCfg = Release|Any CPU
		{05363C6D-5A9F-418B-927C-120D2FF4255E}.Release|Any CPU.Build.0 = Release|Any CPU
		{5DC63F65-96F8-4B22-8E78-ACFACA38AB7F}.Debug|Any CPU.ActiveCfg = Debug|Any CPU
		{5DC63F65-96F8-4B22-8E78-ACFACA38AB7F}.Debug|Any CPU.Build.0 = Debug|Any CPU
		{5DC63F65-96F8-4B22-8E78-ACFACA38AB7F}.Release|Any CPU.ActiveCfg = Release|Any CPU
		{5DC63F65-96F8-4B22-8E78-ACFACA38AB7F}.Release|Any CPU.Build.0 = Release|Any CPU
		{F9045B91-A3BE-4D8F-A0AE-A60A5E7198E7}.Debug|Any CPU.ActiveCfg = Debug|Any CPU
		{F9045B91-A3BE-4D8F-A0AE-A60A5E7198E7}.Debug|Any CPU.Build.0 = Debug|Any CPU
		{F9045B91-A3BE-4D8F-A0AE-A60A5E7198E7}.Release|Any CPU.ActiveCfg = Release|Any CPU
		{F9045B91-A3BE-4D8F-A0AE-A60A5E7198E7}.Release|Any CPU.Build.0 = Release|Any CPU
		{F72C15F5-1F03-4553-911C-277A648CEA82}.Debug|Any CPU.ActiveCfg = Debug|Any CPU
		{F72C15F5-1F03-4553-911C-277A648CEA82}.Debug|Any CPU.Build.0 = Debug|Any CPU
		{F72C15F5-1F03-4553-911C-277A648CEA82}.Release|Any CPU.ActiveCfg = Release|Any CPU
		{F72C15F5-1F03-4553-911C-277A648CEA82}.Release|Any CPU.Build.0 = Release|Any CPU
		{FF1709A2-433F-4CAE-B5A1-33A4367A49CB}.Debug|Any CPU.ActiveCfg = Debug|Any CPU
		{FF1709A2-433F-4CAE-B5A1-33A4367A49CB}.Debug|Any CPU.Build.0 = Debug|Any CPU
		{FF1709A2-433F-4CAE-B5A1-33A4367A49CB}.Release|Any CPU.ActiveCfg = Release|Any CPU
		{FF1709A2-433F-4CAE-B5A1-33A4367A49CB}.Release|Any CPU.Build.0 = Release|Any CPU
		{4DAFB6A4-9902-4F8B-90B3-23E2973964B9}.Debug|Any CPU.ActiveCfg = Debug|Any CPU
		{4DAFB6A4-9902-4F8B-90B3-23E2973964B9}.Debug|Any CPU.Build.0 = Debug|Any CPU
		{4DAFB6A4-9902-4F8B-90B3-23E2973964B9}.Release|Any CPU.ActiveCfg = Release|Any CPU
		{4DAFB6A4-9902-4F8B-90B3-23E2973964B9}.Release|Any CPU.Build.0 = Release|Any CPU
		{5FF06528-9C8A-4EB6-A1F7-7F16AC8E60CC}.Debug|Any CPU.ActiveCfg = Debug|Any CPU
		{5FF06528-9C8A-4EB6-A1F7-7F16AC8E60CC}.Debug|Any CPU.Build.0 = Debug|Any CPU
		{5FF06528-9C8A-4EB6-A1F7-7F16AC8E60CC}.Release|Any CPU.ActiveCfg = Release|Any CPU
		{5FF06528-9C8A-4EB6-A1F7-7F16AC8E60CC}.Release|Any CPU.Build.0 = Release|Any CPU
	EndGlobalSection
	GlobalSection(NestedProjects) = preSolution
		{5B6158B2-A1B7-421F-B232-075D10CC18ED} = {09DDB74C-8508-4CA1-9F3B-BB1281A38678}
		{58919A2B-74ED-4539-8A1B-3F94F81B38A5} = {09DDB74C-8508-4CA1-9F3B-BB1281A38678}
		{05774AF3-E2FB-4310-BAA1-4ABC58F1DF03} = {09DDB74C-8508-4CA1-9F3B-BB1281A38678}
		{15C8BACD-48ED-41E2-BB32-078F95448139} = {09DDB74C-8508-4CA1-9F3B-BB1281A38678}
		{B1CA234E-3FFD-4E6A-8688-DC0BE34597EF} = {09DDB74C-8508-4CA1-9F3B-BB1281A38678}
		{9E2D033F-9536-4EDB-8736-A9824522568E} = {09DDB74C-8508-4CA1-9F3B-BB1281A38678}
		{819811D7-0D24-41AC-A305-A19CF110E000} = {09DDB74C-8508-4CA1-9F3B-BB1281A38678}
		{ADE77B9A-4B2C-4D1F-B648-D5A4F61D4626} = {09DDB74C-8508-4CA1-9F3B-BB1281A38678}
		{C8B7AD16-3072-4E00-B9A7-73E91EDE566E} = {09DDB74C-8508-4CA1-9F3B-BB1281A38678}
		{C9B1A2BE-150C-4D0C-97B5-6ACDFF9AB12C} = {09DDB74C-8508-4CA1-9F3B-BB1281A38678}
		{32895429-3793-4819-B130-04C51F97E51F} = {09DDB74C-8508-4CA1-9F3B-BB1281A38678}
		{365AC5BB-FA66-4180-AFAF-CC7913B3B8AF} = {09DDB74C-8508-4CA1-9F3B-BB1281A38678}
		{B634603F-60FD-4477-B025-F0E17E4BC3F7} = {454022E6-1614-4D64-89B9-4665455F782A}
		{808DCE3B-554A-46DE-B20A-DFD09D3E70D1} = {454022E6-1614-4D64-89B9-4665455F782A}
		{E6314F7B-4C71-4D3C-B644-424D05F5A0EE} = {454022E6-1614-4D64-89B9-4665455F782A}
		{05363C6D-5A9F-418B-927C-120D2FF4255E} = {454022E6-1614-4D64-89B9-4665455F782A}
		{5DC63F65-96F8-4B22-8E78-ACFACA38AB7F} = {454022E6-1614-4D64-89B9-4665455F782A}
		{F9045B91-A3BE-4D8F-A0AE-A60A5E7198E7} = {454022E6-1614-4D64-89B9-4665455F782A}
		{F72C15F5-1F03-4553-911C-277A648CEA82} = {454022E6-1614-4D64-89B9-4665455F782A}
		{FF1709A2-433F-4CAE-B5A1-33A4367A49CB} = {454022E6-1614-4D64-89B9-4665455F782A}
		{4DAFB6A4-9902-4F8B-90B3-23E2973964B9} = {454022E6-1614-4D64-89B9-4665455F782A}
		{5FF06528-9C8A-4EB6-A1F7-7F16AC8E60CC} = {454022E6-1614-4D64-89B9-4665455F782A}
	EndGlobalSection
EndGlobal
